# This file is autogenerated, do not edit; changes may be undone by the next 'dep ensure'.


[[projects]]
  digest = "1:8b55da6790eeade578c1fd4ebaa5b0e641072172e1d743f3cb945ae73af463f9"
  name = "github.com/aws/aws-lambda-go"
  packages = [
    "lambda",
    "lambda/messages",
    "lambdacontext",
  ]
  pruneopts = ""
  revision = "2d482ef09017ae953b1e8d5a6ddac5b696663a3c"
  version = "v1.6.0"

[[projects]]
  branch = "master"
  digest = "1:9ca7e23537b5975cb609129a2593b16552ffa2a09b63b001b2e2ad612848fa43"
  name = "github.com/dougEfresh/gtoggl-api"
  packages = [
    "gthttp",
    "gtproject",
    "gttimentry",
    "gtworkspace",
  ]
  pruneopts = ""
  revision = "3dde07b8438e9cb39f492c7eca1b831f6384390a"

[[projects]]
  digest = "1:9c731354a552a76734547b8fa7497a4c60b8b9740ba3b996c295fe64e43846ee"
  name = "github.com/gainings/pixela-go-client"
  packages = ["."]
  pruneopts = ""
  revision = "de702454c3aaad611614f08da70cef0587ac7c48"
  version = "v0.0.1"

[[projects]]
  digest = "1:3313a63031ae281e5f6fd7b0bbca733dfa04d2429df86519e3b4d4c016ccb836"
  name = "github.com/hashicorp/golang-lru"
  packages = [
    ".",
    "simplelru",
  ]
  pruneopts = ""
  revision = "20f1fb78b0740ba8c3cb143a61e86ba5c8669768"
  version = "v0.5.0"

[[projects]]
  digest = "1:2076b543d123f44a3a8b8a7c2b151dd443c4855ce4b5b83b8424671ad0c3d07a"
  name = "github.com/throttled/throttled"
  packages = [
    ".",
    "store/memstore",
  ]
  pruneopts = ""
  revision = "ee00e877b953e232c5b0fff46f75cdc56b984524"
  version = "v2.2.2"

[solve-meta]
  analyzer-name = "dep"
  analyzer-version = 1
  input-imports = [
    "github.com/aws/aws-lambda-go/lambda",
    "github.com/dougEfresh/gtoggl-api/gthttp",
    "github.com/dougEfresh/gtoggl-api/gttimentry",
    "github.com/gainings/pixela-go-client",
  ]
  solver-name = "gps-cdcl"
  solver-version = 1
